<?xml version="1.0" encoding="utf-8"?>
<Project ToolsVersion="4.0" xmlns="http://schemas.microsoft.com/developer/msbuild/2003">
  <ItemGroup>
    <Filter Include="源文件">
      <UniqueIdentifier>{4FC737F1-C7A5-4376-A066-2A32D752A2FF}</UniqueIdentifier>
      <Extensions>cpp;c;cc;cxx;def;odl;idl;hpj;bat;asm;asmx</Extensions>
    </Filter>
    <Filter Include="头文件">
      <UniqueIdentifier>{93995380-89BD-4b04-88EB-625FBE52EBFB}</UniqueIdentifier>
      <Extensions>h;hh;hpp;hxx;hm;inl;inc;xsd</Extensions>
    </Filter>
    <Filter Include="资源文件">
      <UniqueIdentifier>{67DA6AB6-F800-4c08-8B7A-83BB121AAD01}</UniqueIdentifier>
      <Extensions>rc;ico;cur;bmp;dlg;rc2;rct;bin;rgs;gif;jpg;jpeg;jpe;resx;tiff;tif;png;wav;mfcribbon-ms</Extensions>
    </Filter>
    <Filter Include="c++">
      <UniqueIdentifier>{d7ec8b74-755d-4217-b0b9-387afb96f975}</UniqueIdentifier>
    </Filter>
  </ItemGroup>
  <ItemGroup>
    <Text Include="ReadMe.txt" />
  </ItemGroup>
  <ItemGroup>
    <ClCompile Include="main.cpp">
      <Filter>源文件</Filter>
    </ClCompile>
    <ClCompile Include="..\..\..\FMDB-CPP\c++\Date.cpp">
      <Filter>c++</Filter>
    </ClCompile>
    <ClCompile Include="..\..\..\FMDB-CPP\c++\FMDatabase.cpp">
      <Filter>c++</Filter>
    </ClCompile>
    <ClCompile Include="..\..\..\FMDB-CPP\c++\FMResultSet.cpp">
      <Filter>c++</Filter>
    </ClCompile>
    <ClCompile Include="..\..\..\FMDB-CPP\c++\FMStatement.cpp">
      <Filter>c++</Filter>
    </ClCompile>
    <ClCompile Include="..\..\..\FMDB-CPP\c++\Variant.cpp">
      <Filter>c++</Filter>
    </ClCompile>
    <ClCompile Include="..\..\..\FMDB-CPP\c++\FMDatabaseQueue.cpp">
      <Filter>c++</Filter>
    </ClCompile>
  </ItemGroup>
  <ItemGroup>
    <ClInclude Include="..\..\..\FMDB-CPP\c++\Date.hpp">
      <Filter>c++</Filter>
    </ClInclude>
    <ClInclude Include="..\..\..\FMDB-CPP\c++\FMDatabase.h">
      <Filter>c++</Filter>
    </ClInclude>
    <ClInclude Include="..\..\..\FMDB-CPP\c++\FMDB.h">
      <Filter>c++</Filter>
    </ClInclude>
    <ClInclude Include="..\..\..\FMDB-CPP\c++\FMDBDefs.h">
      <Filter>c++</Filter>
    </ClInclude>
    <ClInclude Include="..\..\..\FMDB-CPP\c++\FMResultSet.h">
      <Filter>c++</Filter>
    </ClInclude>
    <ClInclude Include="..\..\..\FMDB-CPP\c++\FMStatement.hpp">
      <Filter>c++</Filter>
    </ClInclude>
    <ClInclude Include="..\..\..\FMDB-CPP\c++\Variant.hpp">
      <Filter>c++</Filter>
    </ClInclude>
    <ClInclude Include="..\..\..\FMDB-CPP\c++\FMDatabaseQueue.h">
      <Filter>c++</Filter>
    </ClInclude>
  </ItemGroup>
</Project>